# This file is automatically @generated by Poetry 1.5.1 and should not be changed by hand.

[[package]]
name = "amqp"
version = "2.5.2"
description = "Low-level AMQP client for Python (fork of amqplib)."
optional = false
python-versions = ">=2.7, !=3.0.*, !=3.1.*, !=3.2.*, !=3.3.*, !=3.4.*"
files = [
    {file = "amqp-2.5.2-py2.py3-none-any.whl", hash = "sha256:6e649ca13a7df3faacdc8bbb280aa9a6602d22fd9d545336077e573a1f4ff3b8"},
    {file = "amqp-2.5.2.tar.gz", hash = "sha256:77f1aef9410698d20eaeac5b73a87817365f457a507d82edf292e12cbb83b08d"},
]

[package.dependencies]
vine = ">=1.1.3,<5.0.0a1"

[[package]]
name = "babel"
version = "2.9.1"
description = "Internationalization utilities"
optional = false
python-versions = ">=2.7, !=3.0.*, !=3.1.*, !=3.2.*, !=3.3.*"
files = [
    {file = "Babel-2.9.1-py2.py3-none-any.whl", hash = "sha256:ab49e12b91d937cd11f0b67cb259a57ab4ad2b59ac7a3b41d6c06c0ac5b0def9"},
    {file = "Babel-2.9.1.tar.gz", hash = "sha256:bc0c176f9f6a994582230df350aa6e05ba2ebe4b3ac317eab29d9be5d2768da0"},
]

[package.dependencies]
pytz = ">=2015.7"

[[package]]
name = "billiard"
version = "3.6.2.0"
description = "Python multiprocessing fork with improvements and bugfixes"
optional = false
python-versions = "*"
files = [
    {file = "billiard-3.6.2.0-py3-none-any.whl", hash = "sha256:26fd494dc3251f8ce1f5559744f18aeed427fdaf29a75d7baae26752a5d3816f"},
    {file = "billiard-3.6.2.0.tar.gz", hash = "sha256:f4e09366653aa3cb3ae8ed16423f9ba1665ff426f087bcdbbed86bf3664fe02c"},
]

[[package]]
name = "celery"
version = "4.4.0"
description = "Distributed Task Queue."
optional = false
python-versions = ">=2.7, !=3.0.*, !=3.1.*, !=3.2.*, !=3.3.*, !=3.4.*,"
files = [
    {file = "celery-4.4.0-py2.py3-none-any.whl", hash = "sha256:7c544f37a84a5eadc44cab1aa8c9580dff94636bb81978cdf9bf8012d9ea7d8f"},
    {file = "celery-4.4.0.tar.gz", hash = "sha256:d3363bb5df72d74420986a435449f3c3979285941dff57d5d97ecba352a0e3e2"},
]

[package.dependencies]
billiard = ">=3.6.1,<4.0"
kombu = ">=4.6.7,<4.7"
pytz = ">0.0-dev"
vine = "1.3.0"

[package.extras]
arangodb = ["pyArango (>=1.3.2)"]
auth = ["cryptography"]
azureblockblob = ["azure-common (==1.1.5)", "azure-storage (==0.36.0)", "azure-storage-common (==1.1.0)"]
brotli = ["brotli (>=1.0.0)", "brotlipy (>=0.7.0)"]
cassandra = ["cassandra-driver"]
consul = ["python-consul"]
cosmosdbsql = ["pydocumentdb (==2.3.2)"]
couchbase = ["couchbase", "couchbase-cffi"]
couchdb = ["pycouchdb"]
django = ["Django (>=1.11)"]
dynamodb = ["boto3 (>=1.9.178)"]
elasticsearch = ["elasticsearch"]
eventlet = ["eventlet (>=0.24.1)"]
gevent = ["gevent"]
librabbitmq = ["librabbitmq (>=1.5.0)"]
lzma = ["backports.lzma"]
memcache = ["pylibmc"]
mongodb = ["pymongo[srv] (>=3.3.0)"]
msgpack = ["msgpack"]
pymemcache = ["python-memcached"]
pyro = ["pyro4"]
redis = ["redis (>=3.2.0)"]
riak = ["riak (>=2.0)"]
s3 = ["boto3 (>=1.9.125)"]
slmq = ["softlayer-messaging (>=1.0.3)"]
solar = ["ephem"]
sqlalchemy = ["sqlalchemy"]
sqs = ["boto3 (>=1.9.125)", "pycurl"]
tblib = ["tblib (>=1.3.0)", "tblib (>=1.5.0)"]
yaml = ["PyYAML (>=3.10)"]
zookeeper = ["kazoo (>=1.3.1)"]
zstd = ["zstandard"]

[[package]]
name = "flower"
version = "0.9.3"
description = "Celery Flower"
optional = false
python-versions = "*"
files = [
    {file = "flower-0.9.3.tar.gz", hash = "sha256:7f45acb297ab7cf3dd40140816143a2588f6938dbd70b8c46b59c7d8d1e93d55"},
]

[package.dependencies]
babel = ">=1.0,<3.0.0"
celery = ">=3.1.0"
pytz = "*"
tornado = ">=4.2.0,<6.0.0"

[[package]]
name = "importlib-metadata"
version = "1.5.0"
description = "Read metadata from Python packages"
optional = false
python-versions = "!=3.0.*,!=3.1.*,!=3.2.*,!=3.3.*,!=3.4.*,>=2.7"
files = [
    {file = "importlib_metadata-1.5.0-py2.py3-none-any.whl", hash = "sha256:b97607a1a18a5100839aec1dc26a1ea17ee0d93b20b0f008d80a5a050afb200b"},
    {file = "importlib_metadata-1.5.0.tar.gz", hash = "sha256:06f5b3a99029c7134207dd882428a66992a9de2bef7c2b699b5641f9886c3302"},
]

[package.dependencies]
zipp = ">=0.5"

[package.extras]
docs = ["rst.linker", "sphinx"]
testing = ["importlib-resources", "packaging"]

[[package]]
name = "kombu"
version = "4.6.7"
description = "Messaging library for Python."
optional = false
python-versions = ">=2.7, !=3.0.*, !=3.1.*, !=3.2.*, !=3.3.*, !=3.4.*"
files = [
    {file = "kombu-4.6.7-py2.py3-none-any.whl", hash = "sha256:2a9e7adff14d046c9996752b2c48b6d9185d0b992106d5160e1a179907a5d4ac"},
    {file = "kombu-4.6.7.tar.gz", hash = "sha256:67b32ccb6fea030f8799f8fd50dd08e03a4b99464ebc4952d71d8747b1a52ad1"},
]

[package.dependencies]
amqp = ">=2.5.2,<2.6"
importlib-metadata = {version = ">=0.18", markers = "python_version < \"3.8\""}

[package.extras]
azureservicebus = ["azure-servicebus (>=0.21.1)"]
azurestoragequeues = ["azure-storage-queue"]
consul = ["python-consul (>=0.6.0)"]
librabbitmq = ["librabbitmq (>=1.5.2)"]
mongodb = ["pymongo (>=3.3.0)"]
msgpack = ["msgpack"]
pyro = ["pyro4"]
qpid = ["qpid-python (>=0.26)", "qpid-tools (>=0.26)"]
redis = ["redis (>=3.3.11)"]
slmq = ["softlayer-messaging (>=1.0.3)"]
sqlalchemy = ["sqlalchemy"]
sqs = ["boto3 (>=1.4.4)", "pycurl (==7.43.0.2)"]
yaml = ["PyYAML (>=3.10)"]
zookeeper = ["kazoo (>=1.3.1)"]

[[package]]
name = "pytz"
version = "2019.3"
description = "World timezone definitions, modern and historical"
optional = false
python-versions = "*"
files = [
    {file = "pytz-2019.3-py2.py3-none-any.whl", hash = "sha256:1c557d7d0e871de1f5ccd5833f60fb2550652da6be2693c1e02300743d21500d"},
    {file = "pytz-2019.3.tar.gz", hash = "sha256:b02c06db6cf09c12dd25137e563b31700d3b80fcc4ad23abb7a315f2789819be"},
]

[[package]]
name = "redis"
version = "3.4.1"
description = "Python client for Redis key-value store"
optional = false
python-versions = ">=2.7, !=3.0.*, !=3.1.*, !=3.2.*, !=3.3.*, !=3.4.*"
files = [
    {file = "redis-3.4.1-py2.py3-none-any.whl", hash = "sha256:b205cffd05ebfd0a468db74f0eedbff8df1a7bfc47521516ade4692991bb0833"},
    {file = "redis-3.4.1.tar.gz", hash = "sha256:0dcfb335921b88a850d461dc255ff4708294943322bd55de6cfd68972490ca1f"},
]

[package.extras]
hiredis = ["hiredis (>=0.1.3)"]

[[package]]
name = "tornado"
version = "5.1.1"
description = "Tornado is a Python web framework and asynchronous networking library, originally developed at FriendFeed."
optional = false
python-versions = ">= 2.7, !=3.0.*, !=3.1.*, !=3.2.*, != 3.3.*"
files = [
    {file = "tornado-5.1.1-cp35-cp35m-win32.whl", hash = "sha256:732e836008c708de2e89a31cb2fa6c0e5a70cb60492bee6f1ea1047500feaf7f"},
    {file = "tornado-5.1.1-cp35-cp35m-win_amd64.whl", hash = "sha256:0662d28b1ca9f67108c7e3b77afabfb9c7e87bde174fbda78186ecedc2499a9d"},
    {file = "tornado-5.1.1-cp36-cp36m-win32.whl", hash = "sha256:8154ec22c450df4e06b35f131adc4f2f3a12ec85981a203301d310abf580500f"},
    {file = "tornado-5.1.1-cp36-cp36m-win_amd64.whl", hash = "sha256:d4b3e5329f572f055b587efc57d29bd051589fb5a43ec8898c77a47ec2fa2bbb"},
    {file = "tornado-5.1.1-cp37-cp37m-win32.whl", hash = "sha256:e5f2585afccbff22390cddac29849df463b252b711aa2ce7c5f3f342a5b3b444"},
    {file = "tornado-5.1.1-cp37-cp37m-win_amd64.whl", hash = "sha256:8e9d728c4579682e837c92fdd98036bd5cdefa1da2aaf6acf26947e6dd0c01c5"},
    {file = "tornado-5.1.1.tar.gz", hash = "sha256:4e5158d97583502a7e2739951553cbd88a72076f152b4b11b64b9a10c4c49409"},
]

[[package]]
name = "vine"
version = "1.3.0"
description = "Promises, promises, promises."
optional = false
python-versions = ">=2.7, !=3.0.*, !=3.1.*, !=3.2.*, !=3.3.*"
files = [
    {file = "vine-1.3.0-py2.py3-none-any.whl", hash = "sha256:ea4947cc56d1fd6f2095c8d543ee25dad966f78692528e68b4fada11ba3f98af"},
    {file = "vine-1.3.0.tar.gz", hash = "sha256:133ee6d7a9016f177ddeaf191c1f58421a1dcc6ee9a42c58b34bed40e1d2cd87"},
]

[[package]]
name = "zipp"
version = "2.1.0"
description = "Backport of pathlib-compatible object wrapper for zip files"
optional = false
python-versions = ">=3.6"
files = [
    {file = "zipp-2.1.0-py3-none-any.whl", hash = "sha256:ccc94ed0909b58ffe34430ea5451f07bc0c76467d7081619a454bf5c98b89e28"},
    {file = "zipp-2.1.0.tar.gz", hash = "sha256:feae2f18633c32fc71f2de629bfb3bd3c9325cd4419642b1f1da42ee488d9b98"},
]

[package.extras]
docs = ["jaraco.packaging (>=3.2)", "rst.linker (>=1.9)", "sphinx"]
testing = ["jaraco.itertools"]

[metadata]
lock-version = "2.0"
python-versions = "~3.7"
content-hash = "2ed4b2db30b8e13d17b8ed02f9495f530c134e950551269b042015b7f202183f"
